// !$*UTF8*$!
{
	archiveVersion = 1;
	classes = {
	};
	objectVersion = 48;
	objects = {

/* Begin PBXBuildFile section */
		2CAB2EFE1FD091400055AAF0 /* AppDelegate.swift in Sources */ = {isa = PBXBuildFile; fileRef = 2CAB2EFD1FD091400055AAF0 /* AppDelegate.swift */; };
		2CAB2F001FD091400055AAF0 /* ViewController.swift in Sources */ = {isa = PBXBuildFile; fileRef = 2CAB2EFF1FD091400055AAF0 /* ViewController.swift */; };
		2CAB2F031FD091400055AAF0 /* Main.storyboard in Resources */ = {isa = PBXBuildFile; fileRef = 2CAB2F011FD091400055AAF0 /* Main.storyboard */; };
		2CAB2F061FD091400055AAF0 /* SpotiBox.xcdatamodeld in Sources */ = {isa = PBXBuildFile; fileRef = 2CAB2F041FD091400055AAF0 /* SpotiBox.xcdatamodeld */; };
		2CAB2F081FD091400055AAF0 /* Assets.xcassets in Resources */ = {isa = PBXBuildFile; fileRef = 2CAB2F071FD091400055AAF0 /* Assets.xcassets */; };
		2CAB2F0B1FD091400055AAF0 /* LaunchScreen.storyboard in Resources */ = {isa = PBXBuildFile; fileRef = 2CAB2F091FD091400055AAF0 /* LaunchScreen.storyboard */; };
/* End PBXBuildFile section */

/* Begin PBXFileReference section */
		2CAB2EFA1FD091400055AAF0 /* SpotiBox.app */ = {isa = PBXFileReference; explicitFileType = wrapper.application; includeInIndex = 0; path = SpotiBox.app; sourceTree = BUILT_PRODUCTS_DIR; };
		2CAB2EFD1FD091400055AAF0 /* AppDelegate.swift */ = {isa = PBXFileReference; lastKnownFileType = sourcecode.swift; path = AppDelegate.swift; sourceTree = "<group>"; };
		2CAB2EFF1FD091400055AAF0 /* ViewController.swift */ = {isa = PBXFileReference; lastKnownFileType = sourcecode.swift; path = ViewController.swift; sourceTree = "<group>"; };
		2CAB2F021FD091400055AAF0 /* Base */ = {isa = PBXFileReference; lastKnownFileType = file.storyboard; name = Base; path = Base.lproj/Main.storyboard; sourceTree = "<group>"; };
		2CAB2F051FD091400055AAF0 /* SpotiBox.xcdatamodel */ = {isa = PBXFileReference; lastKnownFileType = wrapper.xcdatamodel; path = SpotiBox.xcdatamodel; sourceTree = "<group>"; };
		2CAB2F071FD091400055AAF0 /* Assets.xcassets */ = {isa = PBXFileReference; lastKnownFileType = folder.assetcatalog; path = Assets.xcassets; sourceTree = "<group>"; };
		2CAB2F0A1FD091400055AAF0 /* Base */ = {isa = PBXFileReference; lastKnownFileType = file.storyboard; name = Base; path = Base.lproj/LaunchScreen.storyboard; sourceTree = "<group>"; };
		2CAB2F0C1FD091400055AAF0 /* Info.plist */ = {isa = PBXFileReference; lastKnownFileType = text.plist.xml; path = Info.plist; sourceTree = "<group>"; };
/* End PBXFileReference section */

/* Begin PBXFrameworksBuildPhase section */
		2CAB2EF71FD091400055AAF0 /* Frameworks */ = {
			isa = PBXFrameworksBuildPhase;
			buildActionMask = 2147483647;
			files = (
			);
			runOnlyForDeploymentPostprocessing = 0;
		};
/* End PBXFrameworksBuildPhase section */

/* Begin PBXGroup section */
		2CAB2EF11FD091400055AAF0 = {
			isa = PBXGroup;
			children = (
				2CAB2EFC1FD091400055AAF0 /* SpotiBox */,
				2CAB2EFB1FD091400055AAF0 /* Products */,
			);
			sourceTree = "<group>";
		};
		2CAB2EFB1FD091400055AAF0 /* Products */ = {
			isa = PBXGroup;
			children = (
				2CAB2EFA1FD091400055AAF0 /* SpotiBox.app */,
			);
			name = Products;
			sourceTree = "<group>";
		};
		2CAB2EFC1FD091400055AAF0 /* SpotiBox */ = {
			isa = PBXGroup;
			children = (
				2CAB2EFD1FD091400055AAF0 /* AppDelegate.swift */,
				2CAB2EFF1FD091400055AAF0 /* ViewController.swift */,
				2CAB2F011FD091400055AAF0 /* Main.storyboard */,
				2CAB2F071FD091400055AAF0 /* Assets.xcassets */,
				2CAB2F091FD091400055AAF0 /* LaunchScreen.storyboard */,
				2CAB2F0C1FD091400055AAF0 /* Info.plist */,
				2CAB2F041FD091400055AAF0 /* SpotiBox.xcdatamodeld */,
			);
			path = SpotiBox;
			sourceTree = "<group>";
		};
/* End PBXGroup section */

/* Begin PBXNativeTarget section */
		2CAB2EF91FD091400055AAF0 /* SpotiBox */ = {
			isa = PBXNativeTarget;
			buildConfigurationList = 2CAB2F0F1FD091400055AAF0 /* Build configuration list for PBXNativeTarget "SpotiBox" */;
			buildPhases = (
				2CAB2EF61FD091400055AAF0 /* Sources */,
				2CAB2EF71FD091400055AAF0 /* Frameworks */,
				2CAB2EF81FD091400055AAF0 /* Resources */,
			);
			buildRules = (
			);
			dependencies = (
			);
			name = SpotiBox;
			productName = SpotiBox;
			productReference = 2CAB2EFA1FD091400055AAF0 /* SpotiBox.app */;
			productType = "com.apple.product-type.application";
		};
/* End PBXNativeTarget section */

/* Begin PBXProject section */
		2CAB2EF21FD091400055AAF0 /* Project object */ = {
			isa = PBXProject;
			attributes = {
				LastSwiftUpdateCheck = 0910;
				LastUpgradeCheck = 0910;
				ORGANIZATIONNAME = Huang;
				TargetAttributes = {
					2CAB2EF91FD091400055AAF0 = {
						CreatedOnToolsVersion = 9.1;
						ProvisioningStyle = Automatic;
					};
				};
			};
			buildConfigurationList = 2CAB2EF51FD091400055AAF0 /* Build configuration list for PBXProject "SpotiBox" */;
			compatibilityVersion = "Xcode 8.0";
			developmentRegion = en;
			hasScannedForEncodings = 0;
			knownRegions = (
				en,
				Base,
			);
			mainGroup = 2CAB2EF11FD091400055AAF0;
			productRefGroup = 2CAB2EFB1FD091400055AAF0 /* Products */;
			projectDirPath = "";
			projectRoot = "";
			targets = (
				2CAB2EF91FD091400055AAF0 /* SpotiBox */,
			);
		};
/* End PBXProject section */

/* Begin PBXResourcesBuildPhase section */
		2CAB2EF81FD091400055AAF0 /* Resources */ = {
			isa = PBXResourcesBuildPhase;
			buildActionMask = 2147483647;
			files = (
				2CAB2F0B1FD091400055AAF0 /* LaunchScreen.storyboard in Resources */,
				2CAB2F081FD091400055AAF0 /* Assets.xcassets in Resources */,
				2CAB2F031FD091400055AAF0 /* Main.storyboard in Resources */,
			);
			runOnlyForDeploymentPostprocessing = 0;
		};
/* End PBXResourcesBuildPhase section */

/* Begin PBXSourcesBuildPhase section */
		2CAB2EF61FD091400055AAF0 /* Sources */ = {
			isa = PBXSourcesBuildPhase;
			buildActionMask = 2147483647;
			files = (
				2CAB2F061FD091400055AAF0 /* SpotiBox.xcdatamodeld in Sources */,
				2CAB2F001FD091400055AAF0 /* ViewController.swift in Sources */,
				2CAB2EFE1FD091400055AAF0 /* AppDelegate.swift in Sources */,
			);
			runOnlyForDeploymentPostprocessing = 0;
		};
/* End PBXSourcesBuildPhase section */

/* Begin PBXVariantGroup section */
		2CAB2F011FD091400055AAF0 /* Main.storyboard */ = {
			isa = PBXVariantGroup;
			children = (
				2CAB2F021FD091400055AAF0 /* Base */,
			);
			name = Main.storyboard;
			sourceTree = "<group>";
		};
		2CAB2F091FD091400055AAF0 /* LaunchScreen.storyboard */ = {
			isa = PBXVariantGroup;
			children = (
				2CAB2F0A1FD091400055AAF0 /* Base */,
			);
			name = LaunchScreen.storyboard;
			sourceTree = "<group>";
		};
/* End PBXVariantGroup section */

/* Begin XCBuildConfiguration section */
		2CAB2F0D1FD091400055AAF0 /* Debug */ = {
			isa = XCBuildConfiguration;
			buildSettings = {
				ALWAYS_SEARCH_USER_PATHS = NO;
				CLANG_ANALYZER_NONNULL = YES;
				CLANG_ANALYZER_NUMBER_OBJECT_CONVERSION = YES_AGGRESSIVE;
				CLANG_CXX_LANGUAGE_STANDARD = "gnu++14";
				CLANG_CXX_LIBRARY = "libc++";
				CLANG_ENABLE_MODULES = YES;
				CLANG_ENABLE_OBJC_ARC = YES;
				CLANG_WARN_BLOCK_CAPTURE_AUTORELEASING = YES;
				CLANG_WARN_BOOL_CONVERSION = YES;
				CLANG_WARN_COMMA = YES;
				CLANG_WARN_CONSTANT_CONVERSION = YES;
				CLANG_WARN_DIRECT_OBJC_ISA_USAGE = YES_ERROR;
				CLANG_WARN_DOCUMENTATION_COMMENTS = YES;
				CLANG_WARN_EMPTY_BODY = YES;
				CLANG_WARN_ENUM_CONVERSION = YES;
				CLANG_WARN_INFINITE_RECURSION = YES;
				CLANG_WARN_INT_CONVERSION = YES;
				CLANG_WARN_NON_LITERAL_NULL_CONVERSION = YES;
				CLANG_WARN_OBJC_LITERAL_CONVERSION = YES;
				CLANG_WARN_OBJC_ROOT_CLASS = YES_ERROR;
				CLANG_WARN_RANGE_LOOP_ANALYSIS = YES;
				CLANG_WARN_STRICT_PROTOTYPES = YES;
				CLANG_WARN_SUSPICIOUS_MOVE = YES;
				CLANG_WARN_UNGUARDED_AVAILABILITY = YES_AGGRESSIVE;
				CLANG_WARN_UNREACHABLE_CODE = YES;
				CLANG_WARN__DUPLICATE_METHOD_MATCH = YES;
				CODE_SIGN_IDENTITY = "iPhone Developer";
				COPY_PHASE_STRIP = NO;
				DEBUG_INFORMATION_FORMAT = dwarf;
				ENABLE_STRICT_OBJC_MSGSEND = YES;
				ENABLE_TESTABILITY = YES;
				GCC_C_LANGUAGE_STANDARD = gnu11;
				GCC_DYNAMIC_NO_PIC = NO;
				GCC_NO_COMMON_BLOCKS = YES;
				GCC_OPTIMIZATION_LEVEL = 0;
				GCC_PREPROCESSOR_DEFINITIONS = (
					"DEBUG=1",
					"$(inherited)",
				);
				GCC_WARN_64_TO_32_BIT_CONVERSION = YES;
				GCC_WARN_ABOUT_RETURN_TYPE = YES_ERROR;
				GCC_WARN_UNDECLARED_SELECTOR = YES;
				GCC_WARN_UNINITIALIZED_AUTOS = YES_AGGRESSIVE;
				GCC_WARN_UNUSED_FUNCTION = YES;
				GCC_WARN_UNUSED_VARIABLE = YES;
				IPHONEOS_DEPLOYMENT_TARGET = 11.1;
				MTL_ENABLE_DEBUG_INFO = YES;
				ONLY_ACTIVE_ARCH = YES;
				SDKROOT = iphoneos;
				SWIFT_ACTIVE_COMPILATION_CONDITIONS = DEBUG;
				SWIFT_OPTIMIZATION_LEVEL = "-Onone";
			};
			name = Debug;
		};
		2CAB2F0E1FD091400055AAF0 /* Release */ = {
			isa = XCBuildConfiguration;
			buildSettings = {
				ALWAYS_SEARCH_USER_PATHS = NO;
				CLANG_ANALYZER_NONNULL = YES;
				CLANG_ANALYZER_NUMBER_OBJECT_CONVERSION = YES_AGGRESSIVE;
				CLANG_CXX_LANGUAGE_STANDARD = "gnu++14";
				CLANG_CXX_LIBRARY = "libc++";
				CLANG_ENABLE_MODULES = YES;
				CLANG_ENABLE_OBJC_ARC = YES;
				CLANG_WARN_BLOCK_CAPTURE_AUTORELEASING = YES;
				CLANG_WARN_BOOL_CONVERSION = YES;
				CLANG_WARN_COMMA = YES;
				CLANG_WARN_CONSTANT_CONVERSION = YES;
				CLANG_WARN_DIRECT_OBJC_ISA_USAGE = YES_ERROR;
				CLANG_WARN_DOCUMENTATION_COMMENTS = YES;
				CLANG_WARN_EMPTY_BODY = YES;
				CLANG_WARN_ENUM_CONVERSION = YES;
				CLANG_WARN_INFINITE_RECURSION = YES;
				CLANG_WARN_INT_CONVERSION = YES;
				CLANG_WARN_NON_LITERAL_NULL_CONVERSION = YES;
				CLANG_WARN_OBJC_LITERAL_CONVERSION = YES;
				CLANG_WARN_OBJC_ROOT_CLASS = YES_ERROR;
				CLANG_WARN_RANGE_LOOP_ANALYSIS = YES;
				CLANG_WARN_STRICT_PROTOTYPES = YES;
				CLANG_WARN_SUSPICIOUS_MOVE = YES;
				CLANG_WARN_UNGUARDED_AVAILABILITY = YES_AGGRESSIVE;
				CLANG_WARN_UNREACHABLE_CODE = YES;
				CLANG_WARN__DUPLICATE_METHOD_MATCH = YES;
				CODE_SIGN_IDENTITY = "iPhone Developer";
				COPY_PHASE_STRIP = NO;
				DEBUG_INFORMATION_FORMAT = "dwarf-with-dsym";
				ENABLE_NS_ASSERTIONS = NO;
				ENABLE_STRICT_OBJC_MSGSEND = YES;
				GCC_C_LANGUAGE_STANDARD = gnu11;
				GCC_NO_COMMON_BLOCKS = YES;
				GCC_WARN_64_TO_32_BIT_CONVERSION = YES;
				GCC_WARN_ABOUT_RETURN_TYPE = YES_ERROR;
				GCC_WARN_UNDECLARED_SELECTOR = YES;
				GCC_WARN_UNINITIALIZED_AUTOS = YES_AGGRESSIVE;
				GCC_WARN_UNUSED_FUNCTION = YES;
				GCC_WARN_UNUSED_VARIABLE = YES;
				IPHONEOS_DEPLOYMENT_TARGET = 11.1;
				MTL_ENABLE_DEBUG_INFO = NO;
				SDKROOT = iphoneos;
				SWIFT_OPTIMIZATION_LEVEL = "-Owholemodule";
				VALIDATE_PRODUCT = YES;
			};
			name = Release;
		};
		2CAB2F101FD091400055AAF0 /* Debug */ = {
			isa = XCBuildConfiguration;
			buildSettings = {
				ASSETCATALOG_COMPILER_APPICON_NAME = AppIcon;
				CODE_SIGN_STYLE = Automatic;
				DEVELOPMENT_TEAM = 2674F37353;
				INFOPLIST_FILE = SpotiBox/Info.plist;
				LD_RUNPATH_SEARCH_PATHS = "$(inherited) @executable_path/Frameworks";
				PRODUCT_BUNDLE_IDENTIFIER = com.huang.SpotiBox;
				PRODUCT_NAME = "$(TARGET_NAME)";
				SWIFT_VERSION = 4.0;
				TARGETED_DEVICE_FAMILY = "1,2";
			};
			name = Debug;
		};
		2CAB2F111FD091400055AAF0 /* Release */ = {
			isa = XCBuildConfiguration;
			buildSettings = {
				ASSETCATALOG_COMPILER_APPICON_NAME = AppIcon;
				CODE_SIGN_STYLE = Automatic;
				DEVELOPMENT_TEAM = 2674F37353;
				INFOPLIST_FILE = SpotiBox/Info.plist;
				LD_RUNPATH_SEARCH_PATHS = "$(inherited) @executable_path/Frameworks";
				PRODUCT_BUNDLE_IDENTIFIER = com.huang.SpotiBox;
				PRODUCT_NAME = "$(TARGET_NAME)";
				SWIFT_VERSION = 4.0;
				TARGETED_DEVICE_FAMILY = "1,2";
			};
			name = Release;
		};
/* End XCBuildConfiguration section */

/* Begin XCConfigurationList section */
		2CAB2EF51FD091400055AAF0 /* Build configuration list for PBXProject "SpotiBox" */ = {
			isa = XCConfigurationList;
			buildConfigurations = (
				2CAB2F0D1FD091400055AAF0 /* Debug */,
				2CAB2F0E1FD091400055AAF0 /* Release */,
			);
			defaultConfigurationIsVisible = 0;
			defaultConfigurationName = Release;
		};
		2CAB2F0F1FD091400055AAF0 /* Build configuration list for PBXNativeTarget "SpotiBox" */ = {
			isa = XCConfigurationList;
			buildConfigurations = (
				2CAB2F101FD091400055AAF0 /* Debug */,
				2CAB2F111FD091400055AAF0 /* Release */,
			);
			defaultConfigurationIsVisible = 0;
			defaultConfigurationName = Release;
		};
/* End XCConfigurationList section */

/* Begin XCVersionGroup section */
		2CAB2F041FD091400055AAF0 /* SpotiBox.xcdatamodeld */ = {
			isa = XCVersionGroup;
			children = (
				2CAB2F051FD091400055AAF0 /* SpotiBox.xcdatamodel */,
			);
			currentVersion = 2CAB2F051FD091400055AAF0 /* SpotiBox.xcdatamodel */;
			path = SpotiBox.xcdatamodeld;
			sourceTree = "<group>";
			versionGroupType = wrapper.xcdatamodel;
		};
/* End XCVersionGroup section */
	};
	rootObject = 2CAB2EF21FD091400055AAF0 /* Project object */;
}
