// !$*UTF8*$!
{
	archiveVersion = 1;
	classes = {
	};
	objectVersion = 48;
	objects = {

/* Begin PBXBuildFile section */
		2CAB2EFE1FD091400055AAF0 /* AppDelegate.swift in Sources */ = {isa = PBXBuildFile; fileRef = 2CAB2EFD1FD091400055AAF0 /* AppDelegate.swift */; };
		2CAB2F001FD091400055AAF0 /* ViewController.swift in Sources */ = {isa = PBXBuildFile; fileRef = 2CAB2EFF1FD091400055AAF0 /* ViewController.swift */; };
		2CAB2F031FD091400055AAF0 /* Main.storyboard in Resources */ = {isa = PBXBuildFile; fileRef = 2CAB2F011FD091400055AAF0 /* Main.storyboard */; };
		2CAB2F061FD091400055AAF0 /* SpotiBox.xcdatamodeld in Sources */ = {isa = PBXBuildFile; fileRef = 2CAB2F041FD091400055AAF0 /* SpotiBox.xcdatamodeld */; };
		2CAB2F081FD091400055AAF0 /* Assets.xcassets in Resources */ = {isa = PBXBuildFile; fileRef = 2CAB2F071FD091400055AAF0 /* Assets.xcassets */; };
		2CAB2F0B1FD091400055AAF0 /* LaunchScreen.storyboard in Resources */ = {isa = PBXBuildFile; fileRef = 2CAB2F091FD091400055AAF0 /* LaunchScreen.storyboard */; };
		2CAB2F151FD092690055AAF0 /* SpotifyAudioPlayback.framework in Frameworks */ = {isa = PBXBuildFile; fileRef = 2CAB2F121FD092690055AAF0 /* SpotifyAudioPlayback.framework */; };
		2CAB2F161FD092690055AAF0 /* SpotifyMetadata.framework in Frameworks */ = {isa = PBXBuildFile; fileRef = 2CAB2F131FD092690055AAF0 /* SpotifyMetadata.framework */; };
		2CAB2F171FD092690055AAF0 /* SpotifyAuthentication.framework in Frameworks */ = {isa = PBXBuildFile; fileRef = 2CAB2F141FD092690055AAF0 /* SpotifyAuthentication.framework */; };
		2CAB2F1B1FD092B60055AAF0 /* Header.m in Sources */ = {isa = PBXBuildFile; fileRef = 2CAB2F1A1FD092B60055AAF0 /* Header.m */; };
		2CAB2F1D1FD093E00055AAF0 /* LoginManager.swift in Sources */ = {isa = PBXBuildFile; fileRef = 2CAB2F1C1FD093E00055AAF0 /* LoginManager.swift */; };
		2CAB2F1F1FD0B3AF0055AAF0 /* TableViewVC.swift in Sources */ = {isa = PBXBuildFile; fileRef = 2CAB2F1E1FD0B3AF0055AAF0 /* TableViewVC.swift */; };
		2CAB2F231FD0E8810055AAF0 /* Song.swift in Sources */ = {isa = PBXBuildFile; fileRef = 2CAB2F221FD0E8810055AAF0 /* Song.swift */; };
		DBE89CA94F44D54A4384141D /* Pods_SpotiBox.framework in Frameworks */ = {isa = PBXBuildFile; fileRef = 49A7A95339F4E004835551C4 /* Pods_SpotiBox.framework */; };
/* End PBXBuildFile section */

/* Begin PBXFileReference section */
		2035B62203E0B22BF10F7D0C /* Pods-SpotiBox.debug.xcconfig */ = {isa = PBXFileReference; includeInIndex = 1; lastKnownFileType = text.xcconfig; name = "Pods-SpotiBox.debug.xcconfig"; path = "Pods/Target Support Files/Pods-SpotiBox/Pods-SpotiBox.debug.xcconfig"; sourceTree = "<group>"; };
		2CAB2EFA1FD091400055AAF0 /* SpotiBox.app */ = {isa = PBXFileReference; explicitFileType = wrapper.application; includeInIndex = 0; path = SpotiBox.app; sourceTree = BUILT_PRODUCTS_DIR; };
		2CAB2EFD1FD091400055AAF0 /* AppDelegate.swift */ = {isa = PBXFileReference; lastKnownFileType = sourcecode.swift; path = AppDelegate.swift; sourceTree = "<group>"; };
		2CAB2EFF1FD091400055AAF0 /* ViewController.swift */ = {isa = PBXFileReference; lastKnownFileType = sourcecode.swift; path = ViewController.swift; sourceTree = "<group>"; };
		2CAB2F021FD091400055AAF0 /* Base */ = {isa = PBXFileReference; lastKnownFileType = file.storyboard; name = Base; path = Base.lproj/Main.storyboard; sourceTree = "<group>"; };
		2CAB2F051FD091400055AAF0 /* SpotiBox.xcdatamodel */ = {isa = PBXFileReference; lastKnownFileType = wrapper.xcdatamodel; path = SpotiBox.xcdatamodel; sourceTree = "<group>"; };
		2CAB2F071FD091400055AAF0 /* Assets.xcassets */ = {isa = PBXFileReference; lastKnownFileType = folder.assetcatalog; path = Assets.xcassets; sourceTree = "<group>"; };
		2CAB2F0A1FD091400055AAF0 /* Base */ = {isa = PBXFileReference; lastKnownFileType = file.storyboard; name = Base; path = Base.lproj/LaunchScreen.storyboard; sourceTree = "<group>"; };
		2CAB2F0C1FD091400055AAF0 /* Info.plist */ = {isa = PBXFileReference; lastKnownFileType = text.plist.xml; path = Info.plist; sourceTree = "<group>"; };
		2CAB2F121FD092690055AAF0 /* SpotifyAudioPlayback.framework */ = {isa = PBXFileReference; lastKnownFileType = wrapper.framework; path = SpotifyAudioPlayback.framework; sourceTree = "<group>"; };
		2CAB2F131FD092690055AAF0 /* SpotifyMetadata.framework */ = {isa = PBXFileReference; lastKnownFileType = wrapper.framework; path = SpotifyMetadata.framework; sourceTree = "<group>"; };
		2CAB2F141FD092690055AAF0 /* SpotifyAuthentication.framework */ = {isa = PBXFileReference; lastKnownFileType = wrapper.framework; path = SpotifyAuthentication.framework; sourceTree = "<group>"; };
		2CAB2F181FD092B50055AAF0 /* SpotiBox-Bridging-Header.h */ = {isa = PBXFileReference; lastKnownFileType = sourcecode.c.h; path = "SpotiBox-Bridging-Header.h"; sourceTree = "<group>"; };
		2CAB2F191FD092B60055AAF0 /* Header.h */ = {isa = PBXFileReference; lastKnownFileType = sourcecode.c.h; path = Header.h; sourceTree = "<group>"; };
		2CAB2F1A1FD092B60055AAF0 /* Header.m */ = {isa = PBXFileReference; lastKnownFileType = sourcecode.c.objc; path = Header.m; sourceTree = "<group>"; };
		2CAB2F1C1FD093E00055AAF0 /* LoginManager.swift */ = {isa = PBXFileReference; lastKnownFileType = sourcecode.swift; path = LoginManager.swift; sourceTree = "<group>"; };
		2CAB2F1E1FD0B3AF0055AAF0 /* TableViewVC.swift */ = {isa = PBXFileReference; lastKnownFileType = sourcecode.swift; path = TableViewVC.swift; sourceTree = "<group>"; };
		2CAB2F221FD0E8810055AAF0 /* Song.swift */ = {isa = PBXFileReference; lastKnownFileType = sourcecode.swift; path = Song.swift; sourceTree = "<group>"; };
		49A7A95339F4E004835551C4 /* Pods_SpotiBox.framework */ = {isa = PBXFileReference; explicitFileType = wrapper.framework; includeInIndex = 0; path = Pods_SpotiBox.framework; sourceTree = BUILT_PRODUCTS_DIR; };
		50AC602AC6F8B6706C710C26 /* Pods-SpotiBox.release.xcconfig */ = {isa = PBXFileReference; includeInIndex = 1; lastKnownFileType = text.xcconfig; name = "Pods-SpotiBox.release.xcconfig"; path = "Pods/Target Support Files/Pods-SpotiBox/Pods-SpotiBox.release.xcconfig"; sourceTree = "<group>"; };
/* End PBXFileReference section */

/* Begin PBXFrameworksBuildPhase section */
		2CAB2EF71FD091400055AAF0 /* Frameworks */ = {
			isa = PBXFrameworksBuildPhase;
			buildActionMask = 2147483647;
			files = (
				2CAB2F161FD092690055AAF0 /* SpotifyMetadata.framework in Frameworks */,
				2CAB2F171FD092690055AAF0 /* SpotifyAuthentication.framework in Frameworks */,
				2CAB2F151FD092690055AAF0 /* SpotifyAudioPlayback.framework in Frameworks */,
				DBE89CA94F44D54A4384141D /* Pods_SpotiBox.framework in Frameworks */,
			);
			runOnlyForDeploymentPostprocessing = 0;
		};
/* End PBXFrameworksBuildPhase section */

/* Begin PBXGroup section */
		2CAB2EF11FD091400055AAF0 = {
			isa = PBXGroup;
			children = (
				2CAB2EFC1FD091400055AAF0 /* SpotiBox */,
				2CAB2EFB1FD091400055AAF0 /* Products */,
				2CAB2F121FD092690055AAF0 /* SpotifyAudioPlayback.framework */,
				2CAB2F141FD092690055AAF0 /* SpotifyAuthentication.framework */,
				2CAB2F131FD092690055AAF0 /* SpotifyMetadata.framework */,
				85AB15A89BEF318701FC649B /* Pods */,
				F82CADC5A16476806A5128E9 /* Frameworks */,
			);
			sourceTree = "<group>";
		};
		2CAB2EFB1FD091400055AAF0 /* Products */ = {
			isa = PBXGroup;
			children = (
				2CAB2EFA1FD091400055AAF0 /* SpotiBox.app */,
			);
			name = Products;
			sourceTree = "<group>";
		};
		2CAB2EFC1FD091400055AAF0 /* SpotiBox */ = {
			isa = PBXGroup;
			children = (
				2CAB2F191FD092B60055AAF0 /* Header.h */,
				2CAB2F1A1FD092B60055AAF0 /* Header.m */,
				2CAB2EFD1FD091400055AAF0 /* AppDelegate.swift */,
				2CAB2F1C1FD093E00055AAF0 /* LoginManager.swift */,
				2CAB2EFF1FD091400055AAF0 /* ViewController.swift */,
				2CAB2F1E1FD0B3AF0055AAF0 /* TableViewVC.swift */,
				2CAB2F221FD0E8810055AAF0 /* Song.swift */,
				2CAB2F071FD091400055AAF0 /* Assets.xcassets */,
				2CAB2F011FD091400055AAF0 /* Main.storyboard */,
				2CAB2F091FD091400055AAF0 /* LaunchScreen.storyboard */,
				2CAB2F0C1FD091400055AAF0 /* Info.plist */,
				2CAB2F041FD091400055AAF0 /* SpotiBox.xcdatamodeld */,
				2CAB2F181FD092B50055AAF0 /* SpotiBox-Bridging-Header.h */,
			);
			path = SpotiBox;
			sourceTree = "<group>";
		};
		85AB15A89BEF318701FC649B /* Pods */ = {
			isa = PBXGroup;
			children = (
				2035B62203E0B22BF10F7D0C /* Pods-SpotiBox.debug.xcconfig */,
				50AC602AC6F8B6706C710C26 /* Pods-SpotiBox.release.xcconfig */,
			);
			name = Pods;
			sourceTree = "<group>";
		};
		F82CADC5A16476806A5128E9 /* Frameworks */ = {
			isa = PBXGroup;
			children = (
				49A7A95339F4E004835551C4 /* Pods_SpotiBox.framework */,
			);
			name = Frameworks;
			sourceTree = "<group>";
		};
/* End PBXGroup section */

/* Begin PBXNativeTarget section */
		2CAB2EF91FD091400055AAF0 /* SpotiBox */ = {
			isa = PBXNativeTarget;
			buildConfigurationList = 2CAB2F0F1FD091400055AAF0 /* Build configuration list for PBXNativeTarget "SpotiBox" */;
			buildPhases = (
				0BFD68DC94A5A7A6696E4768 /* [CP] Check Pods Manifest.lock */,
				2CAB2EF61FD091400055AAF0 /* Sources */,
				2CAB2EF71FD091400055AAF0 /* Frameworks */,
				2CAB2EF81FD091400055AAF0 /* Resources */,
				A3297A730BA6A3F863269592 /* [CP] Embed Pods Frameworks */,
				505E0722C9C599DB2A770CB6 /* [CP] Copy Pods Resources */,
			);
			buildRules = (
			);
			dependencies = (
			);
			name = SpotiBox;
			productName = SpotiBox;
			productReference = 2CAB2EFA1FD091400055AAF0 /* SpotiBox.app */;
			productType = "com.apple.product-type.application";
		};
/* End PBXNativeTarget section */

/* Begin PBXProject section */
		2CAB2EF21FD091400055AAF0 /* Project object */ = {
			isa = PBXProject;
			attributes = {
				LastSwiftUpdateCheck = 0910;
				LastUpgradeCheck = 0910;
				ORGANIZATIONNAME = Huang;
				TargetAttributes = {
					2CAB2EF91FD091400055AAF0 = {
						CreatedOnToolsVersion = 9.1;
						LastSwiftMigration = 0910;
						ProvisioningStyle = Automatic;
					};
				};
			};
			buildConfigurationList = 2CAB2EF51FD091400055AAF0 /* Build configuration list for PBXProject "SpotiBox" */;
			compatibilityVersion = "Xcode 8.0";
			developmentRegion = en;
			hasScannedForEncodings = 0;
			knownRegions = (
				en,
				Base,
			);
			mainGroup = 2CAB2EF11FD091400055AAF0;
			productRefGroup = 2CAB2EFB1FD091400055AAF0 /* Products */;
			projectDirPath = "";
			projectRoot = "";
			targets = (
				2CAB2EF91FD091400055AAF0 /* SpotiBox */,
			);
		};
/* End PBXProject section */

/* Begin PBXResourcesBuildPhase section */
		2CAB2EF81FD091400055AAF0 /* Resources */ = {
			isa = PBXResourcesBuildPhase;
			buildActionMask = 2147483647;
			files = (
				2CAB2F0B1FD091400055AAF0 /* LaunchScreen.storyboard in Resources */,
				2CAB2F081FD091400055AAF0 /* Assets.xcassets in Resources */,
				2CAB2F031FD091400055AAF0 /* Main.storyboard in Resources */,
			);
			runOnlyForDeploymentPostprocessing = 0;
		};
/* End PBXResourcesBuildPhase section */

/* Begin PBXShellScriptBuildPhase section */
		0BFD68DC94A5A7A6696E4768 /* [CP] Check Pods Manifest.lock */ = {
			isa = PBXShellScriptBuildPhase;
			buildActionMask = 2147483647;
			files = (
			);
			inputPaths = (
				"${PODS_PODFILE_DIR_PATH}/Podfile.lock",
				"${PODS_ROOT}/Manifest.lock",
			);
			name = "[CP] Check Pods Manifest.lock";
			outputPaths = (
				"$(DERIVED_FILE_DIR)/Pods-SpotiBox-checkManifestLockResult.txt",
			);
			runOnlyForDeploymentPostprocessing = 0;
			shellPath = /bin/sh;
			shellScript = "diff \"${PODS_PODFILE_DIR_PATH}/Podfile.lock\" \"${PODS_ROOT}/Manifest.lock\" > /dev/null\nif [ $? != 0 ] ; then\n    # print error to STDERR\n    echo \"error: The sandbox is not in sync with the Podfile.lock. Run 'pod install' or update your CocoaPods installation.\" >&2\n    exit 1\nfi\n# This output is used by Xcode 'outputs' to avoid re-running this script phase.\necho \"SUCCESS\" > \"${SCRIPT_OUTPUT_FILE_0}\"\n";
			showEnvVarsInLog = 0;
		};
		505E0722C9C599DB2A770CB6 /* [CP] Copy Pods Resources */ = {
			isa = PBXShellScriptBuildPhase;
			buildActionMask = 2147483647;
			files = (
			);
			inputPaths = (
			);
			name = "[CP] Copy Pods Resources";
			outputPaths = (
			);
			runOnlyForDeploymentPostprocessing = 0;
			shellPath = /bin/sh;
			shellScript = "\"${SRCROOT}/Pods/Target Support Files/Pods-SpotiBox/Pods-SpotiBox-resources.sh\"\n";
			showEnvVarsInLog = 0;
		};
		A3297A730BA6A3F863269592 /* [CP] Embed Pods Frameworks */ = {
			isa = PBXShellScriptBuildPhase;
			buildActionMask = 2147483647;
			files = (
			);
			inputPaths = (
				"${SRCROOT}/Pods/Target Support Files/Pods-SpotiBox/Pods-SpotiBox-frameworks.sh",
				"${BUILT_PRODUCTS_DIR}/Alamofire/Alamofire.framework",
				"${BUILT_PRODUCTS_DIR}/SwiftyJSON/SwiftyJSON.framework",
			);
			name = "[CP] Embed Pods Frameworks";
			outputPaths = (
				"${TARGET_BUILD_DIR}/${FRAMEWORKS_FOLDER_PATH}/Alamofire.framework",
				"${TARGET_BUILD_DIR}/${FRAMEWORKS_FOLDER_PATH}/SwiftyJSON.framework",
			);
			runOnlyForDeploymentPostprocessing = 0;
			shellPath = /bin/sh;
			shellScript = "\"${SRCROOT}/Pods/Target Support Files/Pods-SpotiBox/Pods-SpotiBox-frameworks.sh\"\n";
			showEnvVarsInLog = 0;
		};
/* End PBXShellScriptBuildPhase section */

/* Begin PBXSourcesBuildPhase section */
		2CAB2EF61FD091400055AAF0 /* Sources */ = {
			isa = PBXSourcesBuildPhase;
			buildActionMask = 2147483647;
			files = (
				2CAB2F231FD0E8810055AAF0 /* Song.swift in Sources */,
				2CAB2F1F1FD0B3AF0055AAF0 /* TableViewVC.swift in Sources */,
				2CAB2F1D1FD093E00055AAF0 /* LoginManager.swift in Sources */,
				2CAB2F1B1FD092B60055AAF0 /* Header.m in Sources */,
				2CAB2F061FD091400055AAF0 /* SpotiBox.xcdatamodeld in Sources */,
				2CAB2F001FD091400055AAF0 /* ViewController.swift in Sources */,
				2CAB2EFE1FD091400055AAF0 /* AppDelegate.swift in Sources */,
			);
			runOnlyForDeploymentPostprocessing = 0;
		};
/* End PBXSourcesBuildPhase section */

/* Begin PBXVariantGroup section */
		2CAB2F011FD091400055AAF0 /* Main.storyboard */ = {
			isa = PBXVariantGroup;
			children = (
				2CAB2F021FD091400055AAF0 /* Base */,
			);
			name = Main.storyboard;
			sourceTree = "<group>";
		};
		2CAB2F091FD091400055AAF0 /* LaunchScreen.storyboard */ = {
			isa = PBXVariantGroup;
			children = (
				2CAB2F0A1FD091400055AAF0 /* Base */,
			);
			name = LaunchScreen.storyboard;
			sourceTree = "<group>";
		};
/* End PBXVariantGroup section */

/* Begin XCBuildConfiguration section */
		2CAB2F0D1FD091400055AAF0 /* Debug */ = {
			isa = XCBuildConfiguration;
			buildSettings = {
				ALWAYS_SEARCH_USER_PATHS = NO;
				CLANG_ANALYZER_NONNULL = YES;
				CLANG_ANALYZER_NUMBER_OBJECT_CONVERSION = YES_AGGRESSIVE;
				CLANG_CXX_LANGUAGE_STANDARD = "gnu++14";
				CLANG_CXX_LIBRARY = "libc++";
				CLANG_ENABLE_MODULES = YES;
				CLANG_ENABLE_OBJC_ARC = YES;
				CLANG_WARN_BLOCK_CAPTURE_AUTORELEASING = YES;
				CLANG_WARN_BOOL_CONVERSION = YES;
				CLANG_WARN_COMMA = YES;
				CLANG_WARN_CONSTANT_CONVERSION = YES;
				CLANG_WARN_DIRECT_OBJC_ISA_USAGE = YES_ERROR;
				CLANG_WARN_DOCUMENTATION_COMMENTS = YES;
				CLANG_WARN_EMPTY_BODY = YES;
				CLANG_WARN_ENUM_CONVERSION = YES;
				CLANG_WARN_INFINITE_RECURSION = YES;
				CLANG_WARN_INT_CONVERSION = YES;
				CLANG_WARN_NON_LITERAL_NULL_CONVERSION = YES;
				CLANG_WARN_OBJC_LITERAL_CONVERSION = YES;
				CLANG_WARN_OBJC_ROOT_CLASS = YES_ERROR;
				CLANG_WARN_RANGE_LOOP_ANALYSIS = YES;
				CLANG_WARN_STRICT_PROTOTYPES = YES;
				CLANG_WARN_SUSPICIOUS_MOVE = YES;
				CLANG_WARN_UNGUARDED_AVAILABILITY = YES_AGGRESSIVE;
				CLANG_WARN_UNREACHABLE_CODE = YES;
				CLANG_WARN__DUPLICATE_METHOD_MATCH = YES;
				CODE_SIGN_IDENTITY = "iPhone Developer";
				COPY_PHASE_STRIP = NO;
				DEBUG_INFORMATION_FORMAT = dwarf;
				ENABLE_STRICT_OBJC_MSGSEND = YES;
				ENABLE_TESTABILITY = YES;
				GCC_C_LANGUAGE_STANDARD = gnu11;
				GCC_DYNAMIC_NO_PIC = NO;
				GCC_NO_COMMON_BLOCKS = YES;
				GCC_OPTIMIZATION_LEVEL = 0;
				GCC_PREPROCESSOR_DEFINITIONS = (
					"DEBUG=1",
					"$(inherited)",
				);
				GCC_WARN_64_TO_32_BIT_CONVERSION = YES;
				GCC_WARN_ABOUT_RETURN_TYPE = YES_ERROR;
				GCC_WARN_UNDECLARED_SELECTOR = YES;
				GCC_WARN_UNINITIALIZED_AUTOS = YES_AGGRESSIVE;
				GCC_WARN_UNUSED_FUNCTION = YES;
				GCC_WARN_UNUSED_VARIABLE = YES;
				IPHONEOS_DEPLOYMENT_TARGET = 11.1;
				MTL_ENABLE_DEBUG_INFO = YES;
				ONLY_ACTIVE_ARCH = YES;
				SDKROOT = iphoneos;
				SWIFT_ACTIVE_COMPILATION_CONDITIONS = DEBUG;
				SWIFT_OPTIMIZATION_LEVEL = "-Onone";
			};
			name = Debug;
		};
		2CAB2F0E1FD091400055AAF0 /* Release */ = {
			isa = XCBuildConfiguration;
			buildSettings = {
				ALWAYS_SEARCH_USER_PATHS = NO;
				CLANG_ANALYZER_NONNULL = YES;
				CLANG_ANALYZER_NUMBER_OBJECT_CONVERSION = YES_AGGRESSIVE;
				CLANG_CXX_LANGUAGE_STANDARD = "gnu++14";
				CLANG_CXX_LIBRARY = "libc++";
				CLANG_ENABLE_MODULES = YES;
				CLANG_ENABLE_OBJC_ARC = YES;
				CLANG_WARN_BLOCK_CAPTURE_AUTORELEASING = YES;
				CLANG_WARN_BOOL_CONVERSION = YES;
				CLANG_WARN_COMMA = YES;
				CLANG_WARN_CONSTANT_CONVERSION = YES;
				CLANG_WARN_DIRECT_OBJC_ISA_USAGE = YES_ERROR;
				CLANG_WARN_DOCUMENTATION_COMMENTS = YES;
				CLANG_WARN_EMPTY_BODY = YES;
				CLANG_WARN_ENUM_CONVERSION = YES;
				CLANG_WARN_INFINITE_RECURSION = YES;
				CLANG_WARN_INT_CONVERSION = YES;
				CLANG_WARN_NON_LITERAL_NULL_CONVERSION = YES;
				CLANG_WARN_OBJC_LITERAL_CONVERSION = YES;
				CLANG_WARN_OBJC_ROOT_CLASS = YES_ERROR;
				CLANG_WARN_RANGE_LOOP_ANALYSIS = YES;
				CLANG_WARN_STRICT_PROTOTYPES = YES;
				CLANG_WARN_SUSPICIOUS_MOVE = YES;
				CLANG_WARN_UNGUARDED_AVAILABILITY = YES_AGGRESSIVE;
				CLANG_WARN_UNREACHABLE_CODE = YES;
				CLANG_WARN__DUPLICATE_METHOD_MATCH = YES;
				CODE_SIGN_IDENTITY = "iPhone Developer";
				COPY_PHASE_STRIP = NO;
				DEBUG_INFORMATION_FORMAT = "dwarf-with-dsym";
				ENABLE_NS_ASSERTIONS = NO;
				ENABLE_STRICT_OBJC_MSGSEND = YES;
				GCC_C_LANGUAGE_STANDARD = gnu11;
				GCC_NO_COMMON_BLOCKS = YES;
				GCC_WARN_64_TO_32_BIT_CONVERSION = YES;
				GCC_WARN_ABOUT_RETURN_TYPE = YES_ERROR;
				GCC_WARN_UNDECLARED_SELECTOR = YES;
				GCC_WARN_UNINITIALIZED_AUTOS = YES_AGGRESSIVE;
				GCC_WARN_UNUSED_FUNCTION = YES;
				GCC_WARN_UNUSED_VARIABLE = YES;
				IPHONEOS_DEPLOYMENT_TARGET = 11.1;
				MTL_ENABLE_DEBUG_INFO = NO;
				SDKROOT = iphoneos;
				SWIFT_OPTIMIZATION_LEVEL = "-Owholemodule";
				VALIDATE_PRODUCT = YES;
			};
			name = Release;
		};
		2CAB2F101FD091400055AAF0 /* Debug */ = {
			isa = XCBuildConfiguration;
			baseConfigurationReference = 2035B62203E0B22BF10F7D0C /* Pods-SpotiBox.debug.xcconfig */;
			buildSettings = {
				ASSETCATALOG_COMPILER_APPICON_NAME = AppIcon;
				CLANG_ENABLE_MODULES = YES;
				CODE_SIGN_STYLE = Automatic;
				DEVELOPMENT_TEAM = 2674F37353;
				FRAMEWORK_SEARCH_PATHS = (
					"$(inherited)",
					"$(PROJECT_DIR)",
				);
				INFOPLIST_FILE = SpotiBox/Info.plist;
				LD_RUNPATH_SEARCH_PATHS = "$(inherited) @executable_path/Frameworks";
				PRODUCT_BUNDLE_IDENTIFIER = com.huang.SpotiBox;
				PRODUCT_NAME = "$(TARGET_NAME)";
				SWIFT_OBJC_BRIDGING_HEADER = "SpotiBox/SpotiBox-Bridging-Header.h";
				SWIFT_OPTIMIZATION_LEVEL = "-Onone";
				SWIFT_VERSION = 4.0;
				TARGETED_DEVICE_FAMILY = "1,2";
			};
			name = Debug;
		};
		2CAB2F111FD091400055AAF0 /* Release */ = {
			isa = XCBuildConfiguration;
			baseConfigurationReference = 50AC602AC6F8B6706C710C26 /* Pods-SpotiBox.release.xcconfig */;
			buildSettings = {
				ASSETCATALOG_COMPILER_APPICON_NAME = AppIcon;
				CLANG_ENABLE_MODULES = YES;
				CODE_SIGN_STYLE = Automatic;
				DEVELOPMENT_TEAM = 2674F37353;
				FRAMEWORK_SEARCH_PATHS = (
					"$(inherited)",
					"$(PROJECT_DIR)",
				);
				INFOPLIST_FILE = SpotiBox/Info.plist;
				LD_RUNPATH_SEARCH_PATHS = "$(inherited) @executable_path/Frameworks";
				PRODUCT_BUNDLE_IDENTIFIER = com.huang.SpotiBox;
				PRODUCT_NAME = "$(TARGET_NAME)";
				SWIFT_OBJC_BRIDGING_HEADER = "SpotiBox/SpotiBox-Bridging-Header.h";
				SWIFT_VERSION = 4.0;
				TARGETED_DEVICE_FAMILY = "1,2";
			};
			name = Release;
		};
/* End XCBuildConfiguration section */

/* Begin XCConfigurationList section */
		2CAB2EF51FD091400055AAF0 /* Build configuration list for PBXProject "SpotiBox" */ = {
			isa = XCConfigurationList;
			buildConfigurations = (
				2CAB2F0D1FD091400055AAF0 /* Debug */,
				2CAB2F0E1FD091400055AAF0 /* Release */,
			);
			defaultConfigurationIsVisible = 0;
			defaultConfigurationName = Release;
		};
		2CAB2F0F1FD091400055AAF0 /* Build configuration list for PBXNativeTarget "SpotiBox" */ = {
			isa = XCConfigurationList;
			buildConfigurations = (
				2CAB2F101FD091400055AAF0 /* Debug */,
				2CAB2F111FD091400055AAF0 /* Release */,
			);
			defaultConfigurationIsVisible = 0;
			defaultConfigurationName = Release;
		};
/* End XCConfigurationList section */

/* Begin XCVersionGroup section */
		2CAB2F041FD091400055AAF0 /* SpotiBox.xcdatamodeld */ = {
			isa = XCVersionGroup;
			children = (
				2CAB2F051FD091400055AAF0 /* SpotiBox.xcdatamodel */,
			);
			currentVersion = 2CAB2F051FD091400055AAF0 /* SpotiBox.xcdatamodel */;
			path = SpotiBox.xcdatamodeld;
			sourceTree = "<group>";
			versionGroupType = wrapper.xcdatamodel;
		};
/* End XCVersionGroup section */
	};
	rootObject = 2CAB2EF21FD091400055AAF0 /* Project object */;
}
